
Microsoft Visual Studio Solution File, Format Version 12.00
# Visual Studio Version 16
VisualStudioVersion = 16.0.29215.179
MinimumVisualStudioVersion = 10.0.40219.1
Project("{FAE04EC0-301F-11D3-BF4B-00C04F79EFBC}") = "datePicker", "datePicker\datePicker.csproj", "{BBFDD9E0-0319-46D0-8EDC-4994AF0BF82B}"
EndProject
Global
	GlobalSection(SolutionConfigurationPlatforms) = preSolution
		Debug|Any CPU = Debug|Any CPU
		Release|Any CPU = Release|Any CPU
	EndGlobalSection
	GlobalSection(ProjectConfigurationPlatforms) = postSolution
		{BBFDD9E0-0319-46D0-8EDC-4994AF0BF82B}.Debug|Any CPU.ActiveCfg = Debug|Any CPU
		{BBFDD9E0-0319-46D0-8EDC-4994AF0BF82B}.Debug|Any CPU.Build.0 = Debug|Any CPU
		{BBFDD9E0-0319-46D0-8EDC-4994AF0BF82B}.Release|Any CPU.ActiveCfg = Release|Any CPU
		{BBFDD9E0-0319-46D0-8EDC-4994AF0BF82B}.Release|Any CPU.Build.0 = Release|Any CPU
	EndGlobalSection
	GlobalSection(SolutionProperties) = preSolution
		HideSolutionNode = FALSE
	EndGlobalSection
	GlobalSection(ExtensibilityGlobals) = postSolution
		SolutionGuid = {A679600A-3F91-4588-9F48-A485504DABC4}
	EndGlobalSection
EndGlobal
