
Microsoft Visual Studio Solution File, Format Version 12.00
# Visual Studio Version 16
VisualStudioVersion = 16.0.29215.179
MinimumVisualStudioVersion = 10.0.40219.1
Project("{FAE04EC0-301F-11D3-BF4B-00C04F79EFBC}") = "Studio5", "Studio5\Studio5.csproj", "{4C3AAF0E-4191-45C7-A094-6DC595E3B7E2}"
EndProject
Global
	GlobalSection(SolutionConfigurationPlatforms) = preSolution
		Debug|Any CPU = Debug|Any CPU
		Release|Any CPU = Release|Any CPU
	EndGlobalSection
	GlobalSection(ProjectConfigurationPlatforms) = postSolution
		{4C3AAF0E-4191-45C7-A094-6DC595E3B7E2}.Debug|Any CPU.ActiveCfg = Debug|Any CPU
		{4C3AAF0E-4191-45C7-A094-6DC595E3B7E2}.Debug|Any CPU.Build.0 = Debug|Any CPU
		{4C3AAF0E-4191-45C7-A094-6DC595E3B7E2}.Release|Any CPU.ActiveCfg = Release|Any CPU
		{4C3AAF0E-4191-45C7-A094-6DC595E3B7E2}.Release|Any CPU.Build.0 = Release|Any CPU
	EndGlobalSection
	GlobalSection(SolutionProperties) = preSolution
		HideSolutionNode = FALSE
	EndGlobalSection
	GlobalSection(ExtensibilityGlobals) = postSolution
		SolutionGuid = {5DA6B9B3-576E-4DB7-8B36-2B2FA7C9A034}
	EndGlobalSection
EndGlobal
